// !$*UTF8*$!
{
	archiveVersion = 1;
	classes = {
	};
	objectVersion = 56;
	objects = {

/* Begin PBXBuildFile section */
		D6C735CC2F30EFA600E0D45D /* AppDelegate.swift in Sources */ = {isa = PBXBuildFile; fileRef = D6C735CB2F30EFA600E0D45D /* AppDelegate.swift */; };
		D6C735CE2F30EFA600E0D45D /* SceneDelegate.swift in Sources */ = {isa = PBXBuildFile; fileRef = D6C735CD2F30EFA600E0D45D /* SceneDelegate.swift */; };
		D6C735D02F30EFA600E0D45D /* ViewController.swift in Sources */ = {isa = PBXBuildFile; fileRef = D6C735CF2F30EFA600E0D45D /* ViewController.swift */; };
		D6C735D32F30EFA600E0D45D /* Main.storyboard in Resources */ = {isa = PBXBuildFile; fileRef = D6C735D12F30EFA600E0D45D /* Main.storyboard */; };
		D6C735D52F30EFAA00E0D45D /* Assets.xcassets in Resources */ = {isa = PBXBuildFile; fileRef = D6C735D42F30EFAA00E0D45D /* Assets.xcassets */; };
		D6C735D82F30EFAA00E0D45D /* LaunchScreen.storyboard in Resources */ = {isa = PBXBuildFile; fileRef = D6C735D62F30EFAA00E0D45D /* LaunchScreen.storyboard */; };
		D6C735E32F30EFAA00E0D45D /* SwiftMVCTests.swift in Sources */ = {isa = PBXBuildFile; fileRef = D6C735E22F30EFAA00E0D45D /* SwiftMVCTests.swift */; };
		D6C735ED2F30EFAA00E0D45D /* SwiftMVCUITests.swift in Sources */ = {isa = PBXBuildFile; fileRef = D6C735EC2F30EFAA00E0D45D /* SwiftMVCUITests.swift */; };
		D6C735EF2F30EFAA00E0D45D /* SwiftMVCUITestsLaunchTests.swift in Sources */ = {isa = PBXBuildFile; fileRef = D6C735EE2F30EFAA00E0D45D /* SwiftMVCUITestsLaunchTests.swift */; };
		D6C735FD2F30EFFA00E0D45D /* Item.swift in Sources */ = {isa = PBXBuildFile; fileRef = D6C735FC2F30EFFA00E0D45D /* Item.swift */; };
		D6C736002F30F02000E0D45D /* ItemListView.swift in Sources */ = {isa = PBXBuildFile; fileRef = D6C735FF2F30F02000E0D45D /* ItemListView.swift */; };
		D6C736022F30F03D00E0D45D /* ItemCell.swift in Sources */ = {isa = PBXBuildFile; fileRef = D6C736012F30F03D00E0D45D /* ItemCell.swift */; };
		D6C736052F30F0E400E0D45D /* ItemDetailViewController.swift in Sources */ = {isa = PBXBuildFile; fileRef = D6C736042F30F0E400E0D45D /* ItemDetailViewController.swift */; };
/* End PBXBuildFile section */

/* Begin PBXContainerItemProxy section */
		D6C735DF2F30EFAA00E0D45D /* PBXContainerItemProxy */ = {
			isa = PBXContainerItemProxy;
			containerPortal = D6C735C02F30EFA600E0D45D /* Project object */;
			proxyType = 1;
			remoteGlobalIDString = D6C735C72F30EFA600E0D45D;
			remoteInfo = SwiftMVC;
		};
		D6C735E92F30EFAA00E0D45D /* PBXContainerItemProxy */ = {
			isa = PBXContainerItemProxy;
			containerPortal = D6C735C02F30EFA600E0D45D /* Project object */;
			proxyType = 1;
			remoteGlobalIDString = D6C735C72F30EFA600E0D45D;
			remoteInfo = SwiftMVC;
		};
/* End PBXContainerItemProxy section */

/* Begin PBXFileReference section */
		D6C735C82F30EFA600E0D45D /* SwiftMVC.app */ = {isa = PBXFileReference; explicitFileType = wrapper.application; includeInIndex = 0; path = SwiftMVC.app; sourceTree = BUILT_PRODUCTS_DIR; };
		D6C735CB2F30EFA600E0D45D /* AppDelegate.swift */ = {isa = PBXFileReference; lastKnownFileType = sourcecode.swift; path = AppDelegate.swift; sourceTree = "<group>"; };
		D6C735CD2F30EFA600E0D45D /* SceneDelegate.swift */ = {isa = PBXFileReference; lastKnownFileType = sourcecode.swift; path = SceneDelegate.swift; sourceTree = "<group>"; };
		D6C735CF2F30EFA600E0D45D /* ViewController.swift */ = {isa = PBXFileReference; lastKnownFileType = sourcecode.swift; path = ViewController.swift; sourceTree = "<group>"; };
		D6C735D22F30EFA600E0D45D /* Base */ = {isa = PBXFileReference; lastKnownFileType = file.storyboard; name = Base; path = Base.lproj/Main.storyboard; sourceTree = "<group>"; };
		D6C735D42F30EFAA00E0D45D /* Assets.xcassets */ = {isa = PBXFileReference; lastKnownFileType = folder.assetcatalog; path = Assets.xcassets; sourceTree = "<group>"; };
		D6C735D72F30EFAA00E0D45D /* Base */ = {isa = PBXFileReference; lastKnownFileType = file.storyboard; name = Base; path = Base.lproj/LaunchScreen.storyboard; sourceTree = "<group>"; };
		D6C735D92F30EFAA00E0D45D /* Info.plist */ = {isa = PBXFileReference; lastKnownFileType = text.plist.xml; path = Info.plist; sourceTree = "<group>"; };
		D6C735DE2F30EFAA00E0D45D /* SwiftMVCTests.xctest */ = {isa = PBXFileReference; explicitFileType = wrapper.cfbundle; includeInIndex = 0; path = SwiftMVCTests.xctest; sourceTree = BUILT_PRODUCTS_DIR; };
		D6C735E22F30EFAA00E0D45D /* SwiftMVCTests.swift */ = {isa = PBXFileReference; lastKnownFileType = sourcecode.swift; path = SwiftMVCTests.swift; sourceTree = "<group>"; };
		D6C735E82F30EFAA00E0D45D /* SwiftMVCUITests.xctest */ = {isa = PBXFileReference; explicitFileType = wrapper.cfbundle; includeInIndex = 0; path = SwiftMVCUITests.xctest; sourceTree = BUILT_PRODUCTS_DIR; };
		D6C735EC2F30EFAA00E0D45D /* SwiftMVCUITests.swift */ = {isa = PBXFileReference; lastKnownFileType = sourcecode.swift; path = SwiftMVCUITests.swift; sourceTree = "<group>"; };
		D6C735EE2F30EFAA00E0D45D /* SwiftMVCUITestsLaunchTests.swift */ = {isa = PBXFileReference; lastKnownFileType = sourcecode.swift; path = SwiftMVCUITestsLaunchTests.swift; sourceTree = "<group>"; };
		D6C735FC2F30EFFA00E0D45D /* Item.swift */ = {isa = PBXFileReference; lastKnownFileType = sourcecode.swift; path = Item.swift; sourceTree = "<group>"; };
		D6C735FF2F30F02000E0D45D /* ItemListView.swift */ = {isa = PBXFileReference; lastKnownFileType = sourcecode.swift; path = ItemListView.swift; sourceTree = "<group>"; };
		D6C736012F30F03D00E0D45D /* ItemCell.swift */ = {isa = PBXFileReference; lastKnownFileType = sourcecode.swift; path = ItemCell.swift; sourceTree = "<group>"; };
		D6C736042F30F0E400E0D45D /* ItemDetailViewController.swift */ = {isa = PBXFileReference; lastKnownFileType = sourcecode.swift; path = ItemDetailViewController.swift; sourceTree = "<group>"; };
/* End PBXFileReference section */

/* Begin PBXFrameworksBuildPhase section */
		D6C735C52F30EFA600E0D45D /* Frameworks */ = {
			isa = PBXFrameworksBuildPhase;
			buildActionMask = 2147483647;
			files = (
			);
			runOnlyForDeploymentPostprocessing = 0;
		};
		D6C735DB2F30EFAA00E0D45D /* Frameworks */ = {
			isa = PBXFrameworksBuildPhase;
			buildActionMask = 2147483647;
			files = (
			);
			runOnlyForDeploymentPostprocessing = 0;
		};
		D6C735E52F30EFAA00E0D45D /* Frameworks */ = {
			isa = PBXFrameworksBuildPhase;
			buildActionMask = 2147483647;
			files = (
			);
			runOnlyForDeploymentPostprocessing = 0;
		};
/* End PBXFrameworksBuildPhase section */

/* Begin PBXGroup section */
		D6C735BF2F30EFA600E0D45D = {
			isa = PBXGroup;
			children = (
				D6C735CA2F30EFA600E0D45D /* SwiftMVC */,
				D6C735E12F30EFAA00E0D45D /* SwiftMVCTests */,
				D6C735EB2F30EFAA00E0D45D /* SwiftMVCUITests */,
				D6C735C92F30EFA600E0D45D /* Products */,
			);
			sourceTree = "<group>";
		};
		D6C735C92F30EFA600E0D45D /* Products */ = {
			isa = PBXGroup;
			children = (
				D6C735C82F30EFA600E0D45D /* SwiftMVC.app */,
				D6C735DE2F30EFAA00E0D45D /* SwiftMVCTests.xctest */,
				D6C735E82F30EFAA00E0D45D /* SwiftMVCUITests.xctest */,
			);
			name = Products;
			sourceTree = "<group>";
		};
		D6C735CA2F30EFA600E0D45D /* SwiftMVC */ = {
			isa = PBXGroup;
			children = (
				D6C736032F30F07200E0D45D /* Controller */,
				D6C735FE2F30F00C00E0D45D /* View */,
				D6C735FB2F30EFE900E0D45D /* Model */,
				D6C735CB2F30EFA600E0D45D /* AppDelegate.swift */,
				D6C735CD2F30EFA600E0D45D /* SceneDelegate.swift */,
				D6C735D12F30EFA600E0D45D /* Main.storyboard */,
				D6C735D42F30EFAA00E0D45D /* Assets.xcassets */,
				D6C735D62F30EFAA00E0D45D /* LaunchScreen.storyboard */,
				D6C735D92F30EFAA00E0D45D /* Info.plist */,
			);
			path = SwiftMVC;
			sourceTree = "<group>";
		};
		D6C735E12F30EFAA00E0D45D /* SwiftMVCTests */ = {
			isa = PBXGroup;
			children = (
				D6C735E22F30EFAA00E0D45D /* SwiftMVCTests.swift */,
			);
			path = SwiftMVCTests;
			sourceTree = "<group>";
		};
		D6C735EB2F30EFAA00E0D45D /* SwiftMVCUITests */ = {
			isa = PBXGroup;
			children = (
				D6C735EC2F30EFAA00E0D45D /* SwiftMVCUITests.swift */,
				D6C735EE2F30EFAA00E0D45D /* SwiftMVCUITestsLaunchTests.swift */,
			);
			path = SwiftMVCUITests;
			sourceTree = "<group>";
		};
		D6C735FB2F30EFE900E0D45D /* Model */ = {
			isa = PBXGroup;
			children = (
				D6C735FC2F30EFFA00E0D45D /* Item.swift */,
			);
			path = Model;
			sourceTree = "<group>";
		};
		D6C735FE2F30F00C00E0D45D /* View */ = {
			isa = PBXGroup;
			children = (
				D6C735FF2F30F02000E0D45D /* ItemListView.swift */,
				D6C736012F30F03D00E0D45D /* ItemCell.swift */,
			);
			path = View;
			sourceTree = "<group>";
		};
		D6C736032F30F07200E0D45D /* Controller */ = {
			isa = PBXGroup;
			children = (
				D6C735CF2F30EFA600E0D45D /* ViewController.swift */,
				D6C736042F30F0E400E0D45D /* ItemDetailViewController.swift */,
			);
			path = Controller;
			sourceTree = "<group>";
		};
/* End PBXGroup section */

/* Begin PBXNativeTarget section */
		D6C735C72F30EFA600E0D45D /* SwiftMVC */ = {
			isa = PBXNativeTarget;
			buildConfigurationList = D6C735F22F30EFAA00E0D45D /* Build configuration list for PBXNativeTarget "SwiftMVC" */;
			buildPhases = (
				D6C735C42F30EFA600E0D45D /* Sources */,
				D6C735C52F30EFA600E0D45D /* Frameworks */,
				D6C735C62F30EFA600E0D45D /* Resources */,
			);
			buildRules = (
			);
			dependencies = (
			);
			name = SwiftMVC;
			productName = SwiftMVC;
			productReference = D6C735C82F30EFA600E0D45D /* SwiftMVC.app */;
			productType = "com.apple.product-type.application";
		};
		D6C735DD2F30EFAA00E0D45D /* SwiftMVCTests */ = {
			isa = PBXNativeTarget;
			buildConfigurationList = D6C735F52F30EFAA00E0D45D /* Build configuration list for PBXNativeTarget "SwiftMVCTests" */;
			buildPhases = (
				D6C735DA2F30EFAA00E0D45D /* Sources */,
				D6C735DB2F30EFAA00E0D45D /* Frameworks */,
				D6C735DC2F30EFAA00E0D45D /* Resources */,
			);
			buildRules = (
			);
			dependencies = (
				D6C735E02F30EFAA00E0D45D /* PBXTargetDependency */,
			);
			name = SwiftMVCTests;
			productName = SwiftMVCTests;
			productReference = D6C735DE2F30EFAA00E0D45D /* SwiftMVCTests.xctest */;
			productType = "com.apple.product-type.bundle.unit-test";
		};
		D6C735E72F30EFAA00E0D45D /* SwiftMVCUITests */ = {
			isa = PBXNativeTarget;
			buildConfigurationList = D6C735F82F30EFAA00E0D45D /* Build configuration list for PBXNativeTarget "SwiftMVCUITests" */;
			buildPhases = (
				D6C735E42F30EFAA00E0D45D /* Sources */,
				D6C735E52F30EFAA00E0D45D /* Frameworks */,
				D6C735E62F30EFAA00E0D45D /* Resources */,
			);
			buildRules = (
			);
			dependencies = (
				D6C735EA2F30EFAA00E0D45D /* PBXTargetDependency */,
			);
			name = SwiftMVCUITests;
			productName = SwiftMVCUITests;
			productReference = D6C735E82F30EFAA00E0D45D /* SwiftMVCUITests.xctest */;
			productType = "com.apple.product-type.bundle.ui-testing";
		};
/* End PBXNativeTarget section */

/* Begin PBXProject section */
		D6C735C02F30EFA600E0D45D /* Project object */ = {
			isa = PBXProject;
			attributes = {
				BuildIndependentTargetsInParallel = 1;
				LastSwiftUpdateCheck = 1500;
				LastUpgradeCheck = 1500;
				TargetAttributes = {
					D6C735C72F30EFA600E0D45D = {
						CreatedOnToolsVersion = 15.0.1;
					};
					D6C735DD2F30EFAA00E0D45D = {
						CreatedOnToolsVersion = 15.0.1;
						TestTargetID = D6C735C72F30EFA600E0D45D;
					};
					D6C735E72F30EFAA00E0D45D = {
						CreatedOnToolsVersion = 15.0.1;
						TestTargetID = D6C735C72F30EFA600E0D45D;
					};
				};
			};
			buildConfigurationList = D6C735C32F30EFA600E0D45D /* Build configuration list for PBXProject "SwiftMVC" */;
			compatibilityVersion = "Xcode 14.0";
			developmentRegion = en;
			hasScannedForEncodings = 0;
			knownRegions = (
				en,
				Base,
			);
			mainGroup = D6C735BF2F30EFA600E0D45D;
			productRefGroup = D6C735C92F30EFA600E0D45D /* Products */;
			projectDirPath = "";
			projectRoot = "";
			targets = (
				D6C735C72F30EFA600E0D45D /* SwiftMVC */,
				D6C735DD2F30EFAA00E0D45D /* SwiftMVCTests */,
				D6C735E72F30EFAA00E0D45D /* SwiftMVCUITests */,
			);
		};
/* End PBXProject section */

/* Begin PBXResourcesBuildPhase section */
		D6C735C62F30EFA600E0D45D /* Resources */ = {
			isa = PBXResourcesBuildPhase;
			buildActionMask = 2147483647;
			files = (
				D6C735D82F30EFAA00E0D45D /* LaunchScreen.storyboard in Resources */,
				D6C735D52F30EFAA00E0D45D /* Assets.xcassets in Resources */,
				D6C735D32F30EFA600E0D45D /* Main.storyboard in Resources */,
			);
			runOnlyForDeploymentPostprocessing = 0;
		};
		D6C735DC2F30EFAA00E0D45D /* Resources */ = {
			isa = PBXResourcesBuildPhase;
			buildActionMask = 2147483647;
			files = (
			);
			runOnlyForDeploymentPostprocessing = 0;
		};
		D6C735E62F30EFAA00E0D45D /* Resources */ = {
			isa = PBXResourcesBuildPhase;
			buildActionMask = 2147483647;
			files = (
			);
			runOnlyForDeploymentPostprocessing = 0;
		};
/* End PBXResourcesBuildPhase section */

/* Begin PBXSourcesBuildPhase section */
		D6C735C42F30EFA600E0D45D /* Sources */ = {
			isa = PBXSourcesBuildPhase;
			buildActionMask = 2147483647;
			files = (
				D6C736002F30F02000E0D45D /* ItemListView.swift in Sources */,
				D6C736052F30F0E400E0D45D /* ItemDetailViewController.swift in Sources */,
				D6C735FD2F30EFFA00E0D45D /* Item.swift in Sources */,
				D6C736022F30F03D00E0D45D /* ItemCell.swift in Sources */,
				D6C735D02F30EFA600E0D45D /* ViewController.swift in Sources */,
				D6C735CC2F30EFA600E0D45D /* AppDelegate.swift in Sources */,
				D6C735CE2F30EFA600E0D45D /* SceneDelegate.swift in Sources */,
			);
			runOnlyForDeploymentPostprocessing = 0;
		};
		D6C735DA2F30EFAA00E0D45D /* Sources */ = {
			isa = PBXSourcesBuildPhase;
			buildActionMask = 2147483647;
			files = (
				D6C735E32F30EFAA00E0D45D /* SwiftMVCTests.swift in Sources */,
			);
			runOnlyForDeploymentPostprocessing = 0;
		};
		D6C735E42F30EFAA00E0D45D /* Sources */ = {
			isa = PBXSourcesBuildPhase;
			buildActionMask = 2147483647;
			files = (
				D6C735EF2F30EFAA00E0D45D /* SwiftMVCUITestsLaunchTests.swift in Sources */,
				D6C735ED2F30EFAA00E0D45D /* SwiftMVCUITests.swift in Sources */,
			);
			runOnlyForDeploymentPostprocessing = 0;
		};
/* End PBXSourcesBuildPhase section */

/* Begin PBXTargetDependency section */
		D6C735E02F30EFAA00E0D45D /* PBXTargetDependency */ = {
			isa = PBXTargetDependency;
			target = D6C735C72F30EFA600E0D45D /* SwiftMVC */;
			targetProxy = D6C735DF2F30EFAA00E0D45D /* PBXContainerItemProxy */;
		};
		D6C735EA2F30EFAA00E0D45D /* PBXTargetDependency */ = {
			isa = PBXTargetDependency;
			target = D6C735C72F30EFA600E0D45D /* SwiftMVC */;
			targetProxy = D6C735E92F30EFAA00E0D45D /* PBXContainerItemProxy */;
		};
/* End PBXTargetDependency section */

/* Begin PBXVariantGroup section */
		D6C735D12F30EFA600E0D45D /* Main.storyboard */ = {
			isa = PBXVariantGroup;
			children = (
				D6C735D22F30EFA600E0D45D /* Base */,
			);
			name = Main.storyboard;
			sourceTree = "<group>";
		};
		D6C735D62F30EFAA00E0D45D /* LaunchScreen.storyboard */ = {
			isa = PBXVariantGroup;
			children = (
				D6C735D72F30EFAA00E0D45D /* Base */,
			);
			name = LaunchScreen.storyboard;
			sourceTree = "<group>";
		};
/* End PBXVariantGroup section */

/* Begin XCBuildConfiguration section */
		D6C735F02F30EFAA00E0D45D /* Debug */ = {
			isa = XCBuildConfiguration;
			buildSettings = {
				ALWAYS_SEARCH_USER_PATHS = NO;
				ASSETCATALOG_COMPILER_GENERATE_SWIFT_ASSET_SYMBOL_EXTENSIONS = YES;
				CLANG_ANALYZER_NONNULL = YES;
				CLANG_ANALYZER_NUMBER_OBJECT_CONVERSION = YES_AGGRESSIVE;
				CLANG_CXX_LANGUAGE_STANDARD = "gnu++20";
				CLANG_ENABLE_MODULES = YES;
				CLANG_ENABLE_OBJC_ARC = YES;
				CLANG_ENABLE_OBJC_WEAK = YES;
				CLANG_WARN_BLOCK_CAPTURE_AUTORELEASING = YES;
				CLANG_WARN_BOOL_CONVERSION = YES;
				CLANG_WARN_COMMA = YES;
				CLANG_WARN_CONSTANT_CONVERSION = YES;
				CLANG_WARN_DEPRECATED_OBJC_IMPLEMENTATIONS = YES;
				CLANG_WARN_DIRECT_OBJC_ISA_USAGE = YES_ERROR;
				CLANG_WARN_DOCUMENTATION_COMMENTS = YES;
				CLANG_WARN_EMPTY_BODY = YES;
				CLANG_WARN_ENUM_CONVERSION = YES;
				CLANG_WARN_INFINITE_RECURSION = YES;
				CLANG_WARN_INT_CONVERSION = YES;
				CLANG_WARN_NON_LITERAL_NULL_CONVERSION = YES;
				CLANG_WARN_OBJC_IMPLICIT_RETAIN_SELF = YES;
				CLANG_WARN_OBJC_LITERAL_CONVERSION = YES;
				CLANG_WARN_OBJC_ROOT_CLASS = YES_ERROR;
				CLANG_WARN_QUOTED_INCLUDE_IN_FRAMEWORK_HEADER = YES;
				CLANG_WARN_RANGE_LOOP_ANALYSIS = YES;
				CLANG_WARN_STRICT_PROTOTYPES = YES;
				CLANG_WARN_SUSPICIOUS_MOVE = YES;
				CLANG_WARN_UNGUARDED_AVAILABILITY = YES_AGGRESSIVE;
				CLANG_WARN_UNREACHABLE_CODE = YES;
				CLANG_WARN__DUPLICATE_METHOD_MATCH = YES;
				COPY_PHASE_STRIP = NO;
				DEBUG_INFORMATION_FORMAT = dwarf;
				ENABLE_STRICT_OBJC_MSGSEND = YES;
				ENABLE_TESTABILITY = YES;
				ENABLE_USER_SCRIPT_SANDBOXING = YES;
				GCC_C_LANGUAGE_STANDARD = gnu17;
				GCC_DYNAMIC_NO_PIC = NO;
				GCC_NO_COMMON_BLOCKS = YES;
				GCC_OPTIMIZATION_LEVEL = 0;
				GCC_PREPROCESSOR_DEFINITIONS = (
					"DEBUG=1",
					"$(inherited)",
				);
				GCC_WARN_64_TO_32_BIT_CONVERSION = YES;
				GCC_WARN_ABOUT_RETURN_TYPE = YES_ERROR;
				GCC_WARN_UNDECLARED_SELECTOR = YES;
				GCC_WARN_UNINITIALIZED_AUTOS = YES_AGGRESSIVE;
				GCC_WARN_UNUSED_FUNCTION = YES;
				GCC_WARN_UNUSED_VARIABLE = YES;
				IPHONEOS_DEPLOYMENT_TARGET = 17.0;
				LOCALIZATION_PREFERS_STRING_CATALOGS = YES;
				MTL_ENABLE_DEBUG_INFO = INCLUDE_SOURCE;
				MTL_FAST_MATH = YES;
				ONLY_ACTIVE_ARCH = YES;
				SDKROOT = iphoneos;
				SWIFT_ACTIVE_COMPILATION_CONDITIONS = "DEBUG $(inherited)";
				SWIFT_OPTIMIZATION_LEVEL = "-Onone";
			};
			name = Debug;
		};
		D6C735F12F30EFAA00E0D45D /* Release */ = {
			isa = XCBuildConfiguration;
			buildSettings = {
				ALWAYS_SEARCH_USER_PATHS = NO;
				ASSETCATALOG_COMPILER_GENERATE_SWIFT_ASSET_SYMBOL_EXTENSIONS = YES;
				CLANG_ANALYZER_NONNULL = YES;
				CLANG_ANALYZER_NUMBER_OBJECT_CONVERSION = YES_AGGRESSIVE;
				CLANG_CXX_LANGUAGE_STANDARD = "gnu++20";
				CLANG_ENABLE_MODULES = YES;
				CLANG_ENABLE_OBJC_ARC = YES;
				CLANG_ENABLE_OBJC_WEAK = YES;
				CLANG_WARN_BLOCK_CAPTURE_AUTORELEASING = YES;
				CLANG_WARN_BOOL_CONVERSION = YES;
				CLANG_WARN_COMMA = YES;
				CLANG_WARN_CONSTANT_CONVERSION = YES;
				CLANG_WARN_DEPRECATED_OBJC_IMPLEMENTATIONS = YES;
				CLANG_WARN_DIRECT_OBJC_ISA_USAGE = YES_ERROR;
				CLANG_WARN_DOCUMENTATION_COMMENTS = YES;
				CLANG_WARN_EMPTY_BODY = YES;
				CLANG_WARN_ENUM_CONVERSION = YES;
				CLANG_WARN_INFINITE_RECURSION = YES;
				CLANG_WARN_INT_CONVERSION = YES;
				CLANG_WARN_NON_LITERAL_NULL_CONVERSION = YES;
				CLANG_WARN_OBJC_IMPLICIT_RETAIN_SELF = YES;
				CLANG_WARN_OBJC_LITERAL_CONVERSION = YES;
				CLANG_WARN_OBJC_ROOT_CLASS = YES_ERROR;
				CLANG_WARN_QUOTED_INCLUDE_IN_FRAMEWORK_HEADER = YES;
				CLANG_WARN_RANGE_LOOP_ANALYSIS = YES;
				CLANG_WARN_STRICT_PROTOTYPES = YES;
				CLANG_WARN_SUSPICIOUS_MOVE = YES;
				CLANG_WARN_UNGUARDED_AVAILABILITY = YES_AGGRESSIVE;
				CLANG_WARN_UNREACHABLE_CODE = YES;
				CLANG_WARN__DUPLICATE_METHOD_MATCH = YES;
				COPY_PHASE_STRIP = NO;
				DEBUG_INFORMATION_FORMAT = "dwarf-with-dsym";
				ENABLE_NS_ASSERTIONS = NO;
				ENABLE_STRICT_OBJC_MSGSEND = YES;
				ENABLE_USER_SCRIPT_SANDBOXING = YES;
				GCC_C_LANGUAGE_STANDARD = gnu17;
				GCC_NO_COMMON_BLOCKS = YES;
				GCC_WARN_64_TO_32_BIT_CONVERSION = YES;
				GCC_WARN_ABOUT_RETURN_TYPE = YES_ERROR;
				GCC_WARN_UNDECLARED_SELECTOR = YES;
				GCC_WARN_UNINITIALIZED_AUTOS = YES_AGGRESSIVE;
				GCC_WARN_UNUSED_FUNCTION = YES;
				GCC_WARN_UNUSED_VARIABLE = YES;
				IPHONEOS_DEPLOYMENT_TARGET = 17.0;
				LOCALIZATION_PREFERS_STRING_CATALOGS = YES;
				MTL_ENABLE_DEBUG_INFO = NO;
				MTL_FAST_MATH = YES;
				SDKROOT = iphoneos;
				SWIFT_COMPILATION_MODE = wholemodule;
				VALIDATE_PRODUCT = YES;
			};
			name = Release;
		};
		D6C735F32F30EFAA00E0D45D /* Debug */ = {
			isa = XCBuildConfiguration;
			buildSettings = {
				ASSETCATALOG_COMPILER_APPICON_NAME = AppIcon;
				ASSETCATALOG_COMPILER_GLOBAL_ACCENT_COLOR_NAME = AccentColor;
				CODE_SIGN_STYLE = Automatic;
				CURRENT_PROJECT_VERSION = 1;
				DEVELOPMENT_TEAM = K6LJCT8RAA;
				GENERATE_INFOPLIST_FILE = YES;
				INFOPLIST_FILE = SwiftMVC/Info.plist;
				INFOPLIST_KEY_UIApplicationSupportsIndirectInputEvents = YES;
				INFOPLIST_KEY_UILaunchStoryboardName = LaunchScreen;
				INFOPLIST_KEY_UIMainStoryboardFile = Main;
				INFOPLIST_KEY_UISupportedInterfaceOrientations_iPad = "UIInterfaceOrientationPortrait UIInterfaceOrientationPortraitUpsideDown UIInterfaceOrientationLandscapeLeft UIInterfaceOrientationLandscapeRight";
				INFOPLIST_KEY_UISupportedInterfaceOrientations_iPhone = "UIInterfaceOrientationPortrait UIInterfaceOrientationLandscapeLeft UIInterfaceOrientationLandscapeRight";
				LD_RUNPATH_SEARCH_PATHS = (
					"$(inherited)",
					"@executable_path/Frameworks",
				);
				MARKETING_VERSION = 1.0;
				PRODUCT_BUNDLE_IDENTIFIER = com.iOS.SwiftMVC;
				PRODUCT_NAME = "$(TARGET_NAME)";
				SWIFT_EMIT_LOC_STRINGS = YES;
				SWIFT_VERSION = 5.0;
				TARGETED_DEVICE_FAMILY = "1,2";
			};
			name = Debug;
		};
		D6C735F42F30EFAA00E0D45D /* Release */ = {
			isa = XCBuildConfiguration;
			buildSettings = {
				ASSETCATALOG_COMPILER_APPICON_NAME = AppIcon;
				ASSETCATALOG_COMPILER_GLOBAL_ACCENT_COLOR_NAME = AccentColor;
				CODE_SIGN_STYLE = Automatic;
				CURRENT_PROJECT_VERSION = 1;
				DEVELOPMENT_TEAM = K6LJCT8RAA;
				GENERATE_INFOPLIST_FILE = YES;
				INFOPLIST_FILE = SwiftMVC/Info.plist;
				INFOPLIST_KEY_UIApplicationSupportsIndirectInputEvents = YES;
				INFOPLIST_KEY_UILaunchStoryboardName = LaunchScreen;
				INFOPLIST_KEY_UIMainStoryboardFile = Main;
				INFOPLIST_KEY_UISupportedInterfaceOrientations_iPad = "UIInterfaceOrientationPortrait UIInterfaceOrientationPortraitUpsideDown UIInterfaceOrientationLandscapeLeft UIInterfaceOrientationLandscapeRight";
				INFOPLIST_KEY_UISupportedInterfaceOrientations_iPhone = "UIInterfaceOrientationPortrait UIInterfaceOrientationLandscapeLeft UIInterfaceOrientationLandscapeRight";
				LD_RUNPATH_SEARCH_PATHS = (
					"$(inherited)",
					"@executable_path/Frameworks",
				);
				MARKETING_VERSION = 1.0;
				PRODUCT_BUNDLE_IDENTIFIER = com.iOS.SwiftMVC;
				PRODUCT_NAME = "$(TARGET_NAME)";
				SWIFT_EMIT_LOC_STRINGS = YES;
				SWIFT_VERSION = 5.0;
				TARGETED_DEVICE_FAMILY = "1,2";
			};
			name = Release;
		};
		D6C735F62F30EFAA00E0D45D /* Debug */ = {
			isa = XCBuildConfiguration;
			buildSettings = {
				ALWAYS_EMBED_SWIFT_STANDARD_LIBRARIES = YES;
				BUNDLE_LOADER = "$(TEST_HOST)";
				CODE_SIGN_STYLE = Automatic;
				CURRENT_PROJECT_VERSION = 1;
				DEVELOPMENT_TEAM = K6LJCT8RAA;
				GENERATE_INFOPLIST_FILE = YES;
				IPHONEOS_DEPLOYMENT_TARGET = 17.0;
				MARKETING_VERSION = 1.0;
				PRODUCT_BUNDLE_IDENTIFIER = com.iOS.SwiftMVCTests;
				PRODUCT_NAME = "$(TARGET_NAME)";
				SWIFT_EMIT_LOC_STRINGS = NO;
				SWIFT_VERSION = 5.0;
				TARGETED_DEVICE_FAMILY = "1,2";
				TEST_HOST = "$(BUILT_PRODUCTS_DIR)/SwiftMVC.app/$(BUNDLE_EXECUTABLE_FOLDER_PATH)/SwiftMVC";
			};
			name = Debug;
		};
		D6C735F72F30EFAA00E0D45D /* Release */ = {
			isa = XCBuildConfiguration;
			buildSettings = {
				ALWAYS_EMBED_SWIFT_STANDARD_LIBRARIES = YES;
				BUNDLE_LOADER = "$(TEST_HOST)";
				CODE_SIGN_STYLE = Automatic;
				CURRENT_PROJECT_VERSION = 1;
				DEVELOPMENT_TEAM = K6LJCT8RAA;
				GENERATE_INFOPLIST_FILE = YES;
				IPHONEOS_DEPLOYMENT_TARGET = 17.0;
				MARKETING_VERSION = 1.0;
				PRODUCT_BUNDLE_IDENTIFIER = com.iOS.SwiftMVCTests;
				PRODUCT_NAME = "$(TARGET_NAME)";
				SWIFT_EMIT_LOC_STRINGS = NO;
				SWIFT_VERSION = 5.0;
				TARGETED_DEVICE_FAMILY = "1,2";
				TEST_HOST = "$(BUILT_PRODUCTS_DIR)/SwiftMVC.app/$(BUNDLE_EXECUTABLE_FOLDER_PATH)/SwiftMVC";
			};
			name = Release;
		};
		D6C735F92F30EFAA00E0D45D /* Debug */ = {
			isa = XCBuildConfiguration;
			buildSettings = {
				ALWAYS_EMBED_SWIFT_STANDARD_LIBRARIES = YES;
				CODE_SIGN_STYLE = Automatic;
				CURRENT_PROJECT_VERSION = 1;
				DEVELOPMENT_TEAM = K6LJCT8RAA;
				GENERATE_INFOPLIST_FILE = YES;
				MARKETING_VERSION = 1.0;
				PRODUCT_BUNDLE_IDENTIFIER = com.iOS.SwiftMVCUITests;
				PRODUCT_NAME = "$(TARGET_NAME)";
				SWIFT_EMIT_LOC_STRINGS = NO;
				SWIFT_VERSION = 5.0;
				TARGETED_DEVICE_FAMILY = "1,2";
				TEST_TARGET_NAME = SwiftMVC;
			};
			name = Debug;
		};
		D6C735FA2F30EFAA00E0D45D /* Release */ = {
			isa = XCBuildConfiguration;
			buildSettings = {
				ALWAYS_EMBED_SWIFT_STANDARD_LIBRARIES = YES;
				CODE_SIGN_STYLE = Automatic;
				CURRENT_PROJECT_VERSION = 1;
				DEVELOPMENT_TEAM = K6LJCT8RAA;
				GENERATE_INFOPLIST_FILE = YES;
				MARKETING_VERSION = 1.0;
				PRODUCT_BUNDLE_IDENTIFIER = com.iOS.SwiftMVCUITests;
				PRODUCT_NAME = "$(TARGET_NAME)";
				SWIFT_EMIT_LOC_STRINGS = NO;
				SWIFT_VERSION = 5.0;
				TARGETED_DEVICE_FAMILY = "1,2";
				TEST_TARGET_NAME = SwiftMVC;
			};
			name = Release;
		};
/* End XCBuildConfiguration section */

/* Begin XCConfigurationList section */
		D6C735C32F30EFA600E0D45D /* Build configuration list for PBXProject "SwiftMVC" */ = {
			isa = XCConfigurationList;
			buildConfigurations = (
				D6C735F02F30EFAA00E0D45D /* Debug */,
				D6C735F12F30EFAA00E0D45D /* Release */,
			);
			defaultConfigurationIsVisible = 0;
			defaultConfigurationName = Release;
		};
		D6C735F22F30EFAA00E0D45D /* Build configuration list for PBXNativeTarget "SwiftMVC" */ = {
			isa = XCConfigurationList;
			buildConfigurations = (
				D6C735F32F30EFAA00E0D45D /* Debug */,
				D6C735F42F30EFAA00E0D45D /* Release */,
			);
			defaultConfigurationIsVisible = 0;
			defaultConfigurationName = Release;
		};
		D6C735F52F30EFAA00E0D45D /* Build configuration list for PBXNativeTarget "SwiftMVCTests" */ = {
			isa = XCConfigurationList;
			buildConfigurations = (
				D6C735F62F30EFAA00E0D45D /* Debug */,
				D6C735F72F30EFAA00E0D45D /* Release */,
			);
			defaultConfigurationIsVisible = 0;
			defaultConfigurationName = Release;
		};
		D6C735F82F30EFAA00E0D45D /* Build configuration list for PBXNativeTarget "SwiftMVCUITests" */ = {
			isa = XCConfigurationList;
			buildConfigurations = (
				D6C735F92F30EFAA00E0D45D /* Debug */,
				D6C735FA2F30EFAA00E0D45D /* Release */,
			);
			defaultConfigurationIsVisible = 0;
			defaultConfigurationName = Release;
		};
/* End XCConfigurationList section */
	};
	rootObject = D6C735C02F30EFA600E0D45D /* Project object */;
}
